<?xml version="1.0" encoding="utf-8"?>
<Project ToolsVersion="4.0" xmlns="http://schemas.microsoft.com/developer/msbuild/2003">
  <ItemGroup>
    <Filter Include="Iron">
      <UniqueIdentifier>{DD0A877C-C941-880D-722E-6E105E44040F}</UniqueIdentifier>
    </Filter>
  </ItemGroup>
  <ItemGroup>
    <ClInclude Include="src\Iron.h" />
    <ClInclude Include="src\Iron\Application.h">
      <Filter>Iron</Filter>
    </ClInclude>
    <ClInclude Include="src\Iron\Core.h">
      <Filter>Iron</Filter>
    </ClInclude>
    <ClInclude Include="src\Iron\EntryPoint.h">
      <Filter>Iron</Filter>
    </ClInclude>
    <ClInclude Include="src\Iron\Log.h">
      <Filter>Iron</Filter>
    </ClInclude>
  </ItemGroup>
  <ItemGroup>
    <ClCompile Include="src\Iron\Application.cpp">
      <Filter>Iron</Filter>
    </ClCompile>
    <ClCompile Include="src\Iron\Log.cpp">
      <Filter>Iron</Filter>
    </ClCompile>
  </ItemGroup>
</Project>